
Microsoft Visual Studio Solution File, Format Version 12.00
# Visual Studio 15
VisualStudioVersion = 15.0.26730.16
MinimumVisualStudioVersion = 10.0.40219.1
Project("{FAE04EC0-301F-11D3-BF4B-00C04F79EFBC}") = "AandDS", "AandDS\AandDS.csproj", "{0ECE866D-7655-42AB-8AE6-505D886DA9FF}"
EndProject
Global
	GlobalSection(SolutionConfigurationPlatforms) = preSolution
		Debug|Any CPU = Debug|Any CPU
		Release|Any CPU = Release|Any CPU
	EndGlobalSection
	GlobalSection(ProjectConfigurationPlatforms) = postSolution
		{0ECE866D-7655-42AB-8AE6-505D886DA9FF}.Debug|Any CPU.ActiveCfg = Debug|Any CPU
		{0ECE866D-7655-42AB-8AE6-505D886DA9FF}.Debug|Any CPU.Build.0 = Debug|Any CPU
		{0ECE866D-7655-42AB-8AE6-505D886DA9FF}.Release|Any CPU.ActiveCfg = Release|Any CPU
		{0ECE866D-7655-42AB-8AE6-505D886DA9FF}.Release|Any CPU.Build.0 = Release|Any CPU
	EndGlobalSection
	GlobalSection(SolutionProperties) = preSolution
		HideSolutionNode = FALSE
	EndGlobalSection
	GlobalSection(ExtensibilityGlobals) = postSolution
		SolutionGuid = {5693BCC9-C4C6-4259-9B63-C6CD3F619DB6}
	EndGlobalSection
EndGlobal
